
Microsoft Visual Studio Solution File, Format Version 12.00
# Visual Studio Version 17
VisualStudioVersion = 17.12.35707.178
MinimumVisualStudioVersion = 10.0.40219.1
Project("{FAE04EC0-301F-11D3-BF4B-00C04F79EFBC}") = "EmptyTask", "EmptyTask\EmptyTask.csproj", "{15AB6DFD-D4B8-4784-87DC-2EDA4B7605C2}"
EndProject
Project("{FAE04EC0-301F-11D3-BF4B-00C04F79EFBC}") = "Lesson2_Task1", "Lesson2_Task1\Lesson2_Task1.csproj", "{2A60E7E3-A0BF-43B5-BF34-E881158ECBFB}"
EndProject
Project("{FAE04EC0-301F-11D3-BF4B-00C04F79EFBC}") = "Lesson3", "Lesson3\Lesson3.csproj", "{9258FB1A-E340-4036-BB97-C0CAEE5DCF4F}"
EndProject
Project("{FAE04EC0-301F-11D3-BF4B-00C04F79EFBC}") = "Lesson3.Tests", "Lesson3.Tests\Lesson3.Tests.csproj", "{5287D4C3-6433-4D15-B319-EFD10F328F17}"
EndProject
Project("{FAE04EC0-301F-11D3-BF4B-00C04F79EFBC}") = "Lesson4", "Lesson4\Lesson4.csproj", "{2B540510-3F9E-4D7A-86CB-7B0ED2D37AE8}"
EndProject
Project("{FAE04EC0-301F-11D3-BF4B-00C04F79EFBC}") = "Lesson4Tests", "Lesson4Tests\Lesson4Tests.csproj", "{37C01561-7007-4B0F-8B77-5731E1C53650}"
EndProject
Project("{FAE04EC0-301F-11D3-BF4B-00C04F79EFBC}") = "Lesson4Task5", "Lesson4Task5\Lesson4Task5.csproj", "{6D203BD3-E575-4E24-9051-8E59F91E7ADD}"
EndProject
Project("{FAE04EC0-301F-11D3-BF4B-00C04F79EFBC}") = "Lesson5", "Lesson5\Lesson5.csproj", "{C57AE13A-EB61-4EF5-9084-2642D68416D5}"
EndProject
Project("{FAE04EC0-301F-11D3-BF4B-00C04F79EFBC}") = "Lesson5Tests", "Lesson5Tests\Lesson5Tests.csproj", "{28226346-5831-4F2F-9736-EFE58A33696F}"
EndProject
Project("{FAE04EC0-301F-11D3-BF4B-00C04F79EFBC}") = "Lesson6", "Lesson6\Lesson6.csproj", "{A32D7708-DAC2-444F-B624-3D007DE97382}"
EndProject
Project("{FAE04EC0-301F-11D3-BF4B-00C04F79EFBC}") = "Lesson6Tests", "Lesson6Tests\Lesson6Tests.csproj", "{023EC360-82A6-4628-9A7A-05DF2DE22FB3}"
EndProject
Project("{FAE04EC0-301F-11D3-BF4B-00C04F79EFBC}") = "Lesson7", "Lesson7\Lesson7.csproj", "{60A073C4-C0B6-47F9-A418-1FBF173C74F4}"
EndProject
Project("{FAE04EC0-301F-11D3-BF4B-00C04F79EFBC}") = "Lesson7Tests", "Lesson7Tests\Lesson7Tests.csproj", "{D344A2C1-A5BD-4814-808E-E5E13547419E}"
EndProject
Project("{FAE04EC0-301F-11D3-BF4B-00C04F79EFBC}") = "Lesson8", "Lesson8\Lesson8.csproj", "{49DBF224-7B98-4FDC-B971-B5D6CC2C0D75}"
EndProject
Project("{FAE04EC0-301F-11D3-BF4B-00C04F79EFBC}") = "Lesson8Task1", "Lesson8Task1\Lesson8Task1.csproj", "{B9864BBE-9E6C-4A0F-850E-9A86C87E6335}"
EndProject
Project("{FAE04EC0-301F-11D3-BF4B-00C04F79EFBC}") = "Lesson9", "Lesson9\Lesson9.csproj", "{83DB5E6E-BFE5-47B9-B5CC-0E538C3BC48E}"
EndProject
Project("{FAE04EC0-301F-11D3-BF4B-00C04F79EFBC}") = "Lesson9Tests", "Lesson9Tests\Lesson9Tests.csproj", "{74F87792-9E04-4830-A7D0-DF92952293D2}"
EndProject
Global
	GlobalSection(SolutionConfigurationPlatforms) = preSolution
		Debug|Any CPU = Debug|Any CPU
		Release|Any CPU = Release|Any CPU
	EndGlobalSection
	GlobalSection(ProjectConfigurationPlatforms) = postSolution
		{15AB6DFD-D4B8-4784-87DC-2EDA4B7605C2}.Debug|Any CPU.ActiveCfg = Debug|Any CPU
		{15AB6DFD-D4B8-4784-87DC-2EDA4B7605C2}.Debug|Any CPU.Build.0 = Debug|Any CPU
		{15AB6DFD-D4B8-4784-87DC-2EDA4B7605C2}.Release|Any CPU.ActiveCfg = Release|Any CPU
		{15AB6DFD-D4B8-4784-87DC-2EDA4B7605C2}.Release|Any CPU.Build.0 = Release|Any CPU
		{2A60E7E3-A0BF-43B5-BF34-E881158ECBFB}.Debug|Any CPU.ActiveCfg = Debug|Any CPU
		{2A60E7E3-A0BF-43B5-BF34-E881158ECBFB}.Debug|Any CPU.Build.0 = Debug|Any CPU
		{2A60E7E3-A0BF-43B5-BF34-E881158ECBFB}.Release|Any CPU.ActiveCfg = Release|Any CPU
		{2A60E7E3-A0BF-43B5-BF34-E881158ECBFB}.Release|Any CPU.Build.0 = Release|Any CPU
		{9258FB1A-E340-4036-BB97-C0CAEE5DCF4F}.Debug|Any CPU.ActiveCfg = Debug|Any CPU
		{9258FB1A-E340-4036-BB97-C0CAEE5DCF4F}.Debug|Any CPU.Build.0 = Debug|Any CPU
		{9258FB1A-E340-4036-BB97-C0CAEE5DCF4F}.Release|Any CPU.ActiveCfg = Release|Any CPU
		{9258FB1A-E340-4036-BB97-C0CAEE5DCF4F}.Release|Any CPU.Build.0 = Release|Any CPU
		{5287D4C3-6433-4D15-B319-EFD10F328F17}.Debug|Any CPU.ActiveCfg = Debug|Any CPU
		{5287D4C3-6433-4D15-B319-EFD10F328F17}.Debug|Any CPU.Build.0 = Debug|Any CPU
		{5287D4C3-6433-4D15-B319-EFD10F328F17}.Release|Any CPU.ActiveCfg = Release|Any CPU
		{5287D4C3-6433-4D15-B319-EFD10F328F17}.Release|Any CPU.Build.0 = Release|Any CPU
		{2B540510-3F9E-4D7A-86CB-7B0ED2D37AE8}.Debug|Any CPU.ActiveCfg = Debug|Any CPU
		{2B540510-3F9E-4D7A-86CB-7B0ED2D37AE8}.Debug|Any CPU.Build.0 = Debug|Any CPU
		{2B540510-3F9E-4D7A-86CB-7B0ED2D37AE8}.Release|Any CPU.ActiveCfg = Release|Any CPU
		{2B540510-3F9E-4D7A-86CB-7B0ED2D37AE8}.Release|Any CPU.Build.0 = Release|Any CPU
		{37C01561-7007-4B0F-8B77-5731E1C53650}.Debug|Any CPU.ActiveCfg = Debug|Any CPU
		{37C01561-7007-4B0F-8B77-5731E1C53650}.Debug|Any CPU.Build.0 = Debug|Any CPU
		{37C01561-7007-4B0F-8B77-5731E1C53650}.Release|Any CPU.ActiveCfg = Release|Any CPU
		{37C01561-7007-4B0F-8B77-5731E1C53650}.Release|Any CPU.Build.0 = Release|Any CPU
		{6D203BD3-E575-4E24-9051-8E59F91E7ADD}.Debug|Any CPU.ActiveCfg = Debug|Any CPU
		{6D203BD3-E575-4E24-9051-8E59F91E7ADD}.Debug|Any CPU.Build.0 = Debug|Any CPU
		{6D203BD3-E575-4E24-9051-8E59F91E7ADD}.Release|Any CPU.ActiveCfg = Release|Any CPU
		{6D203BD3-E575-4E24-9051-8E59F91E7ADD}.Release|Any CPU.Build.0 = Release|Any CPU
		{C57AE13A-EB61-4EF5-9084-2642D68416D5}.Debug|Any CPU.ActiveCfg = Debug|Any CPU
		{C57AE13A-EB61-4EF5-9084-2642D68416D5}.Debug|Any CPU.Build.0 = Debug|Any CPU
		{C57AE13A-EB61-4EF5-9084-2642D68416D5}.Release|Any CPU.ActiveCfg = Release|Any CPU
		{C57AE13A-EB61-4EF5-9084-2642D68416D5}.Release|Any CPU.Build.0 = Release|Any CPU
		{28226346-5831-4F2F-9736-EFE58A33696F}.Debug|Any CPU.ActiveCfg = Debug|Any CPU
		{28226346-5831-4F2F-9736-EFE58A33696F}.Debug|Any CPU.Build.0 = Debug|Any CPU
		{28226346-5831-4F2F-9736-EFE58A33696F}.Release|Any CPU.ActiveCfg = Release|Any CPU
		{28226346-5831-4F2F-9736-EFE58A33696F}.Release|Any CPU.Build.0 = Release|Any CPU
		{A32D7708-DAC2-444F-B624-3D007DE97382}.Debug|Any CPU.ActiveCfg = Debug|Any CPU
		{A32D7708-DAC2-444F-B624-3D007DE97382}.Debug|Any CPU.Build.0 = Debug|Any CPU
		{A32D7708-DAC2-444F-B624-3D007DE97382}.Release|Any CPU.ActiveCfg = Release|Any CPU
		{A32D7708-DAC2-444F-B624-3D007DE97382}.Release|Any CPU.Build.0 = Release|Any CPU
		{023EC360-82A6-4628-9A7A-05DF2DE22FB3}.Debug|Any CPU.ActiveCfg = Debug|Any CPU
		{023EC360-82A6-4628-9A7A-05DF2DE22FB3}.Debug|Any CPU.Build.0 = Debug|Any CPU
		{023EC360-82A6-4628-9A7A-05DF2DE22FB3}.Release|Any CPU.ActiveCfg = Release|Any CPU
		{023EC360-82A6-4628-9A7A-05DF2DE22FB3}.Release|Any CPU.Build.0 = Release|Any CPU
		{60A073C4-C0B6-47F9-A418-1FBF173C74F4}.Debug|Any CPU.ActiveCfg = Debug|Any CPU
		{60A073C4-C0B6-47F9-A418-1FBF173C74F4}.Debug|Any CPU.Build.0 = Debug|Any CPU
		{60A073C4-C0B6-47F9-A418-1FBF173C74F4}.Release|Any CPU.ActiveCfg = Release|Any CPU
		{60A073C4-C0B6-47F9-A418-1FBF173C74F4}.Release|Any CPU.Build.0 = Release|Any CPU
		{D344A2C1-A5BD-4814-808E-E5E13547419E}.Debug|Any CPU.ActiveCfg = Debug|Any CPU
		{D344A2C1-A5BD-4814-808E-E5E13547419E}.Debug|Any CPU.Build.0 = Debug|Any CPU
		{D344A2C1-A5BD-4814-808E-E5E13547419E}.Release|Any CPU.ActiveCfg = Release|Any CPU
		{D344A2C1-A5BD-4814-808E-E5E13547419E}.Release|Any CPU.Build.0 = Release|Any CPU
		{49DBF224-7B98-4FDC-B971-B5D6CC2C0D75}.Debug|Any CPU.ActiveCfg = Debug|Any CPU
		{49DBF224-7B98-4FDC-B971-B5D6CC2C0D75}.Debug|Any CPU.Build.0 = Debug|Any CPU
		{49DBF224-7B98-4FDC-B971-B5D6CC2C0D75}.Release|Any CPU.ActiveCfg = Release|Any CPU
		{49DBF224-7B98-4FDC-B971-B5D6CC2C0D75}.Release|Any CPU.Build.0 = Release|Any CPU
		{B9864BBE-9E6C-4A0F-850E-9A86C87E6335}.Debug|Any CPU.ActiveCfg = Debug|Any CPU
		{B9864BBE-9E6C-4A0F-850E-9A86C87E6335}.Debug|Any CPU.Build.0 = Debug|Any CPU
		{B9864BBE-9E6C-4A0F-850E-9A86C87E6335}.Release|Any CPU.ActiveCfg = Release|Any CPU
		{B9864BBE-9E6C-4A0F-850E-9A86C87E6335}.Release|Any CPU.Build.0 = Release|Any CPU
		{83DB5E6E-BFE5-47B9-B5CC-0E538C3BC48E}.Debug|Any CPU.ActiveCfg = Debug|Any CPU
		{83DB5E6E-BFE5-47B9-B5CC-0E538C3BC48E}.Debug|Any CPU.Build.0 = Debug|Any CPU
		{83DB5E6E-BFE5-47B9-B5CC-0E538C3BC48E}.Release|Any CPU.ActiveCfg = Release|Any CPU
		{83DB5E6E-BFE5-47B9-B5CC-0E538C3BC48E}.Release|Any CPU.Build.0 = Release|Any CPU
		{74F87792-9E04-4830-A7D0-DF92952293D2}.Debug|Any CPU.ActiveCfg = Debug|Any CPU
		{74F87792-9E04-4830-A7D0-DF92952293D2}.Debug|Any CPU.Build.0 = Debug|Any CPU
		{74F87792-9E04-4830-A7D0-DF92952293D2}.Release|Any CPU.ActiveCfg = Release|Any CPU
		{74F87792-9E04-4830-A7D0-DF92952293D2}.Release|Any CPU.Build.0 = Release|Any CPU
	EndGlobalSection
	GlobalSection(SolutionProperties) = preSolution
		HideSolutionNode = FALSE
	EndGlobalSection
EndGlobal
